
Microsoft Visual Studio Solution File, Format Version 12.00
# Visual Studio Version 17
VisualStudioVersion = 17.14.36408.4 d17.14
MinimumVisualStudioVersion = 10.0.40219.1
Project("{FAE04EC0-301F-11D3-BF4B-00C04F79EFBC}") = "Homwork10", "Homwork10\Homwork10.csproj", "{C6783767-CE41-46E5-BC9B-739462BF9487}"
EndProject
Global
	GlobalSection(SolutionConfigurationPlatforms) = preSolution
		Debug|Any CPU = Debug|Any CPU
		Release|Any CPU = Release|Any CPU
	EndGlobalSection
	GlobalSection(ProjectConfigurationPlatforms) = postSolution
		{C6783767-CE41-46E5-BC9B-739462BF9487}.Debug|Any CPU.ActiveCfg = Debug|Any CPU
		{C6783767-CE41-46E5-BC9B-739462BF9487}.Debug|Any CPU.Build.0 = Debug|Any CPU
		{C6783767-CE41-46E5-BC9B-739462BF9487}.Release|Any CPU.ActiveCfg = Release|Any CPU
		{C6783767-CE41-46E5-BC9B-739462BF9487}.Release|Any CPU.Build.0 = Release|Any CPU
	EndGlobalSection
	GlobalSection(SolutionProperties) = preSolution
		HideSolutionNode = FALSE
	EndGlobalSection
	GlobalSection(ExtensibilityGlobals) = postSolution
		SolutionGuid = {3A09494B-382C-4451-8D97-2C856F25C78B}
	EndGlobalSection
EndGlobal
